// !$*UTF8*$!
{
	archiveVersion = 1;
	classes = {
	};
	objectVersion = 56;
	objects = {

/* Begin PBXBuildFile section */
		1002DA852C44BB930075AC5C /* DishDetailViewController.swift in Sources */ = {isa = PBXBuildFile; fileRef = 1002DA842C44BB930075AC5C /* DishDetailViewController.swift */; };
		1002DA872C44C6990075AC5C /* UIViewController+Extension.swift in Sources */ = {isa = PBXBuildFile; fileRef = 1002DA862C44C6990075AC5C /* UIViewController+Extension.swift */; };
		1022FED02C2D1BCC00B37D0D /* AppDelegate.swift in Sources */ = {isa = PBXBuildFile; fileRef = 1022FECF2C2D1BCC00B37D0D /* AppDelegate.swift */; };
		1022FED22C2D1BCC00B37D0D /* SceneDelegate.swift in Sources */ = {isa = PBXBuildFile; fileRef = 1022FED12C2D1BCC00B37D0D /* SceneDelegate.swift */; };
		1022FED72C2D1BCC00B37D0D /* Base in Resources */ = {isa = PBXBuildFile; fileRef = 1022FED62C2D1BCC00B37D0D /* Base */; };
		1022FED92C2D1BCE00B37D0D /* Assets.xcassets in Resources */ = {isa = PBXBuildFile; fileRef = 1022FED82C2D1BCE00B37D0D /* Assets.xcassets */; };
		1022FEDC2C2D1BCE00B37D0D /* Base in Resources */ = {isa = PBXBuildFile; fileRef = 1022FEDB2C2D1BCE00B37D0D /* Base */; };
		102907E62C311A5B001B1BBC /* OnboardingViewController.swift in Sources */ = {isa = PBXBuildFile; fileRef = 102907E52C311A5B001B1BBC /* OnboardingViewController.swift */; };
		102907E92C3120C5001B1BBC /* UIView+Extension.swift in Sources */ = {isa = PBXBuildFile; fileRef = 102907E82C3120C5001B1BBC /* UIView+Extension.swift */; };
		102907EB2C312229001B1BBC /* OnboardingSlide.swift in Sources */ = {isa = PBXBuildFile; fileRef = 102907EA2C312229001B1BBC /* OnboardingSlide.swift */; };
		1045E1E22C4FEB8B00B05C96 /* ProgressHUD in Frameworks */ = {isa = PBXBuildFile; productRef = 1045E1E12C4FEB8B00B05C96 /* ProgressHUD */; };
		104C25A42C46BEBA007EBF15 /* NetworkService.swift in Sources */ = {isa = PBXBuildFile; fileRef = 104C25A32C46BEBA007EBF15 /* NetworkService.swift */; };
		104C25A62C46BF91007EBF15 /* Route.swift in Sources */ = {isa = PBXBuildFile; fileRef = 104C25A52C46BF91007EBF15 /* Route.swift */; };
		104C25A82C46C024007EBF15 /* Method.swift in Sources */ = {isa = PBXBuildFile; fileRef = 104C25A72C46C024007EBF15 /* Method.swift */; };
		1067057C2C50BDB5009E95C2 /* SVProgressHUD in Frameworks */ = {isa = PBXBuildFile; productRef = 1067057B2C50BDB5009E95C2 /* SVProgressHUD */; };
		106F710F2C4A25E000CA256C /* AppError.swift in Sources */ = {isa = PBXBuildFile; fileRef = 106F710E2C4A25E000CA256C /* AppError.swift */; };
		106F71112C4AAEBA00CA256C /* ApiResponse.swift in Sources */ = {isa = PBXBuildFile; fileRef = 106F71102C4AAEBA00CA256C /* ApiResponse.swift */; };
		107B69132C32601B00CC7590 /* OnboardingCollectionViewCell.swift in Sources */ = {isa = PBXBuildFile; fileRef = 107B69122C32601B00CC7590 /* OnboardingCollectionViewCell.swift */; };
		10898FDA2C51466400675960 /* JGProgressHUD in Frameworks */ = {isa = PBXBuildFile; productRef = 10898FD92C51466400675960 /* JGProgressHUD */; };
		109EAE1C2C3ED2AE00D9838C /* Dish.swift in Sources */ = {isa = PBXBuildFile; fileRef = 109EAE1B2C3ED2AE00D9838C /* Dish.swift */; };
		10A8B78A2C38FFC0004DEE84 /* HomeViewController.swift in Sources */ = {isa = PBXBuildFile; fileRef = 10A8B7892C38FFC0004DEE84 /* HomeViewController.swift */; };
		10AC911F2C5299E100994502 /* IQKeyboardManagerSwift in Frameworks */ = {isa = PBXBuildFile; productRef = 10AC911E2C5299E100994502 /* IQKeyboardManagerSwift */; };
		10AD74362C3D80830051047D /* CardView.swift in Sources */ = {isa = PBXBuildFile; fileRef = 10AD74352C3D80830051047D /* CardView.swift */; };
		10AD743A2C3D85460051047D /* DishPortraitCollectionViewCell.xib in Resources */ = {isa = PBXBuildFile; fileRef = 10AD74392C3D85460051047D /* DishPortraitCollectionViewCell.xib */; };
		10AD743B2C3D85460051047D /* DishPortraitCollectionViewCell.swift in Sources */ = {isa = PBXBuildFile; fileRef = 10AD74382C3D85460051047D /* DishPortraitCollectionViewCell.swift */; };
		10B3EA312C3B5ED800A10438 /* CategoryCollectionViewCell.swift in Sources */ = {isa = PBXBuildFile; fileRef = 10B3EA2F2C3B5ED800A10438 /* CategoryCollectionViewCell.swift */; };
		10B3EA322C3B5ED800A10438 /* CategoryCollectionViewCell.xib in Resources */ = {isa = PBXBuildFile; fileRef = 10B3EA302C3B5ED800A10438 /* CategoryCollectionViewCell.xib */; };
		10B3EA342C3B614000A10438 /* DishCategory.swift in Sources */ = {isa = PBXBuildFile; fileRef = 10B3EA332C3B614000A10438 /* DishCategory.swift */; };
		10B3EA372C3B6B9F00A10438 /* Kingfisher in Frameworks */ = {isa = PBXBuildFile; productRef = 10B3EA362C3B6B9F00A10438 /* Kingfisher */; };
		10B3EA392C3B6C5500A10438 /* String+Extension.swift in Sources */ = {isa = PBXBuildFile; fileRef = 10B3EA382C3B6C5500A10438 /* String+Extension.swift */; };
		10BAED342C462826007503C6 /* ListOrdersViewController.swift in Sources */ = {isa = PBXBuildFile; fileRef = 10BAED332C462826007503C6 /* ListOrdersViewController.swift */; };
		10BAED362C462A09007503C6 /* Order.swift in Sources */ = {isa = PBXBuildFile; fileRef = 10BAED352C462A09007503C6 /* Order.swift */; };
		10E21A822C4F5B4300108D3E /* AllDishes.swift in Sources */ = {isa = PBXBuildFile; fileRef = 10E21A812C4F5B4300108D3E /* AllDishes.swift */; };
		10EAF5D62C45642C002722CC /* DishListTableViewCell.swift in Sources */ = {isa = PBXBuildFile; fileRef = 10EAF5D42C45642C002722CC /* DishListTableViewCell.swift */; };
		10EAF5D72C45642C002722CC /* DishListTableViewCell.xib in Resources */ = {isa = PBXBuildFile; fileRef = 10EAF5D52C45642C002722CC /* DishListTableViewCell.xib */; };
		10EAF5DA2C4568C7002722CC /* ListDishesViewController.swift in Sources */ = {isa = PBXBuildFile; fileRef = 10EAF5D92C4568C7002722CC /* ListDishesViewController.swift */; };
		10FA58F82C4025610057DF0E /* DishLandscapeCollectionViewCell.swift in Sources */ = {isa = PBXBuildFile; fileRef = 10FA58F62C4025610057DF0E /* DishLandscapeCollectionViewCell.swift */; };
		10FA58F92C4025610057DF0E /* DishLandscapeCollectionViewCell.xib in Resources */ = {isa = PBXBuildFile; fileRef = 10FA58F72C4025610057DF0E /* DishLandscapeCollectionViewCell.xib */; };
/* End PBXBuildFile section */

/* Begin PBXFileReference section */
		1002DA842C44BB930075AC5C /* DishDetailViewController.swift */ = {isa = PBXFileReference; lastKnownFileType = sourcecode.swift; path = DishDetailViewController.swift; sourceTree = "<group>"; };
		1002DA862C44C6990075AC5C /* UIViewController+Extension.swift */ = {isa = PBXFileReference; lastKnownFileType = sourcecode.swift; path = "UIViewController+Extension.swift"; sourceTree = "<group>"; };
		1022FECC2C2D1BCC00B37D0D /* Yummie.app */ = {isa = PBXFileReference; explicitFileType = wrapper.application; includeInIndex = 0; path = Yummie.app; sourceTree = BUILT_PRODUCTS_DIR; };
		1022FECF2C2D1BCC00B37D0D /* AppDelegate.swift */ = {isa = PBXFileReference; lastKnownFileType = sourcecode.swift; path = AppDelegate.swift; sourceTree = "<group>"; };
		1022FED12C2D1BCC00B37D0D /* SceneDelegate.swift */ = {isa = PBXFileReference; lastKnownFileType = sourcecode.swift; path = SceneDelegate.swift; sourceTree = "<group>"; };
		1022FED62C2D1BCC00B37D0D /* Base */ = {isa = PBXFileReference; lastKnownFileType = file.storyboard; name = Base; path = Base.lproj/Main.storyboard; sourceTree = "<group>"; };
		1022FED82C2D1BCE00B37D0D /* Assets.xcassets */ = {isa = PBXFileReference; lastKnownFileType = folder.assetcatalog; path = Assets.xcassets; sourceTree = "<group>"; };
		1022FEDB2C2D1BCE00B37D0D /* Base */ = {isa = PBXFileReference; lastKnownFileType = file.storyboard; name = Base; path = Base.lproj/LaunchScreen.storyboard; sourceTree = "<group>"; };
		1022FEDD2C2D1BCE00B37D0D /* Info.plist */ = {isa = PBXFileReference; lastKnownFileType = text.plist.xml; path = Info.plist; sourceTree = "<group>"; };
		102907E52C311A5B001B1BBC /* OnboardingViewController.swift */ = {isa = PBXFileReference; lastKnownFileType = sourcecode.swift; path = OnboardingViewController.swift; sourceTree = "<group>"; };
		102907E82C3120C5001B1BBC /* UIView+Extension.swift */ = {isa = PBXFileReference; lastKnownFileType = sourcecode.swift; path = "UIView+Extension.swift"; sourceTree = "<group>"; };
		102907EA2C312229001B1BBC /* OnboardingSlide.swift */ = {isa = PBXFileReference; lastKnownFileType = sourcecode.swift; path = OnboardingSlide.swift; sourceTree = "<group>"; };
		104C25A32C46BEBA007EBF15 /* NetworkService.swift */ = {isa = PBXFileReference; lastKnownFileType = sourcecode.swift; path = NetworkService.swift; sourceTree = "<group>"; };
		104C25A52C46BF91007EBF15 /* Route.swift */ = {isa = PBXFileReference; lastKnownFileType = sourcecode.swift; path = Route.swift; sourceTree = "<group>"; };
		104C25A72C46C024007EBF15 /* Method.swift */ = {isa = PBXFileReference; lastKnownFileType = sourcecode.swift; path = Method.swift; sourceTree = "<group>"; };
		106F710E2C4A25E000CA256C /* AppError.swift */ = {isa = PBXFileReference; lastKnownFileType = sourcecode.swift; path = AppError.swift; sourceTree = "<group>"; };
		106F71102C4AAEBA00CA256C /* ApiResponse.swift */ = {isa = PBXFileReference; lastKnownFileType = sourcecode.swift; path = ApiResponse.swift; sourceTree = "<group>"; };
		107B69122C32601B00CC7590 /* OnboardingCollectionViewCell.swift */ = {isa = PBXFileReference; lastKnownFileType = sourcecode.swift; path = OnboardingCollectionViewCell.swift; sourceTree = "<group>"; };
		109EAE1B2C3ED2AE00D9838C /* Dish.swift */ = {isa = PBXFileReference; lastKnownFileType = sourcecode.swift; path = Dish.swift; sourceTree = "<group>"; };
		10A8B7892C38FFC0004DEE84 /* HomeViewController.swift */ = {isa = PBXFileReference; lastKnownFileType = sourcecode.swift; path = HomeViewController.swift; sourceTree = "<group>"; };
		10AD74352C3D80830051047D /* CardView.swift */ = {isa = PBXFileReference; lastKnownFileType = sourcecode.swift; path = CardView.swift; sourceTree = "<group>"; };
		10AD74382C3D85460051047D /* DishPortraitCollectionViewCell.swift */ = {isa = PBXFileReference; lastKnownFileType = sourcecode.swift; path = DishPortraitCollectionViewCell.swift; sourceTree = "<group>"; };
		10AD74392C3D85460051047D /* DishPortraitCollectionViewCell.xib */ = {isa = PBXFileReference; lastKnownFileType = file.xib; path = DishPortraitCollectionViewCell.xib; sourceTree = "<group>"; };
		10B3EA2F2C3B5ED800A10438 /* CategoryCollectionViewCell.swift */ = {isa = PBXFileReference; lastKnownFileType = sourcecode.swift; path = CategoryCollectionViewCell.swift; sourceTree = "<group>"; };
		10B3EA302C3B5ED800A10438 /* CategoryCollectionViewCell.xib */ = {isa = PBXFileReference; lastKnownFileType = file.xib; path = CategoryCollectionViewCell.xib; sourceTree = "<group>"; };
		10B3EA332C3B614000A10438 /* DishCategory.swift */ = {isa = PBXFileReference; lastKnownFileType = sourcecode.swift; path = DishCategory.swift; sourceTree = "<group>"; };
		10B3EA382C3B6C5500A10438 /* String+Extension.swift */ = {isa = PBXFileReference; lastKnownFileType = sourcecode.swift; path = "String+Extension.swift"; sourceTree = "<group>"; };
		10BAED332C462826007503C6 /* ListOrdersViewController.swift */ = {isa = PBXFileReference; lastKnownFileType = sourcecode.swift; path = ListOrdersViewController.swift; sourceTree = "<group>"; };
		10BAED352C462A09007503C6 /* Order.swift */ = {isa = PBXFileReference; lastKnownFileType = sourcecode.swift; path = Order.swift; sourceTree = "<group>"; };
		10E21A812C4F5B4300108D3E /* AllDishes.swift */ = {isa = PBXFileReference; lastKnownFileType = sourcecode.swift; path = AllDishes.swift; sourceTree = "<group>"; };
		10EAF5D42C45642C002722CC /* DishListTableViewCell.swift */ = {isa = PBXFileReference; lastKnownFileType = sourcecode.swift; path = DishListTableViewCell.swift; sourceTree = "<group>"; };
		10EAF5D52C45642C002722CC /* DishListTableViewCell.xib */ = {isa = PBXFileReference; lastKnownFileType = file.xib; path = DishListTableViewCell.xib; sourceTree = "<group>"; };
		10EAF5D92C4568C7002722CC /* ListDishesViewController.swift */ = {isa = PBXFileReference; lastKnownFileType = sourcecode.swift; path = ListDishesViewController.swift; sourceTree = "<group>"; };
		10FA58F62C4025610057DF0E /* DishLandscapeCollectionViewCell.swift */ = {isa = PBXFileReference; lastKnownFileType = sourcecode.swift; path = DishLandscapeCollectionViewCell.swift; sourceTree = "<group>"; };
		10FA58F72C4025610057DF0E /* DishLandscapeCollectionViewCell.xib */ = {isa = PBXFileReference; lastKnownFileType = file.xib; path = DishLandscapeCollectionViewCell.xib; sourceTree = "<group>"; };
/* End PBXFileReference section */

/* Begin PBXFrameworksBuildPhase section */
		1022FEC92C2D1BCC00B37D0D /* Frameworks */ = {
			isa = PBXFrameworksBuildPhase;
			buildActionMask = 2147483647;
			files = (
				10AC911F2C5299E100994502 /* IQKeyboardManagerSwift in Frameworks */,
				10898FDA2C51466400675960 /* JGProgressHUD in Frameworks */,
				1067057C2C50BDB5009E95C2 /* SVProgressHUD in Frameworks */,
				10B3EA372C3B6B9F00A10438 /* Kingfisher in Frameworks */,
				1045E1E22C4FEB8B00B05C96 /* ProgressHUD in Frameworks */,
			);
			runOnlyForDeploymentPostprocessing = 0;
		};
/* End PBXFrameworksBuildPhase section */

/* Begin PBXGroup section */
		1002DA832C44BB710075AC5C /* DishDetail */ = {
			isa = PBXGroup;
			children = (
				1002DA842C44BB930075AC5C /* DishDetailViewController.swift */,
			);
			path = DishDetail;
			sourceTree = "<group>";
		};
		1022FEC32C2D1BCC00B37D0D = {
			isa = PBXGroup;
			children = (
				1022FECE2C2D1BCC00B37D0D /* Yummie */,
				1022FECD2C2D1BCC00B37D0D /* Products */,
			);
			sourceTree = "<group>";
		};
		1022FECD2C2D1BCC00B37D0D /* Products */ = {
			isa = PBXGroup;
			children = (
				1022FECC2C2D1BCC00B37D0D /* Yummie.app */,
			);
			name = Products;
			sourceTree = "<group>";
		};
		1022FECE2C2D1BCC00B37D0D /* Yummie */ = {
			isa = PBXGroup;
			children = (
				104C25A22C46BE9E007EBF15 /* Networking */,
				102907E72C312093001B1BBC /* Extensions */,
				102907E32C3119BA001B1BBC /* CustomViews */,
				102907E22C3119A6001B1BBC /* Views */,
				102907E12C311958001B1BBC /* Models */,
				1022FECF2C2D1BCC00B37D0D /* AppDelegate.swift */,
				1022FED12C2D1BCC00B37D0D /* SceneDelegate.swift */,
				1022FED52C2D1BCC00B37D0D /* Main.storyboard */,
				1022FED82C2D1BCE00B37D0D /* Assets.xcassets */,
				1022FEDA2C2D1BCE00B37D0D /* LaunchScreen.storyboard */,
				1022FEDD2C2D1BCE00B37D0D /* Info.plist */,
			);
			path = Yummie;
			sourceTree = "<group>";
		};
		102907E12C311958001B1BBC /* Models */ = {
			isa = PBXGroup;
			children = (
				102907EA2C312229001B1BBC /* OnboardingSlide.swift */,
				10B3EA332C3B614000A10438 /* DishCategory.swift */,
				109EAE1B2C3ED2AE00D9838C /* Dish.swift */,
				10BAED352C462A09007503C6 /* Order.swift */,
				10E21A812C4F5B4300108D3E /* AllDishes.swift */,
			);
			path = Models;
			sourceTree = "<group>";
		};
		102907E22C3119A6001B1BBC /* Views */ = {
			isa = PBXGroup;
			children = (
				10BAED322C46279A007503C6 /* ListOrders */,
				10EAF5D82C45687E002722CC /* ListDishes */,
				1002DA832C44BB710075AC5C /* DishDetail */,
				10A8B7882C38FF9C004DEE84 /* Home */,
				102907E42C311A17001B1BBC /* Onboarding */,
			);
			path = Views;
			sourceTree = "<group>";
		};
		102907E32C3119BA001B1BBC /* CustomViews */ = {
			isa = PBXGroup;
			children = (
				10EAF5D22C4563DB002722CC /* TableViewCells */,
				10AD74342C3D80600051047D /* CardView */,
				10B3EA2D2C3B5DAD00A10438 /* CollectionViewCells */,
			);
			path = CustomViews;
			sourceTree = "<group>";
		};
		102907E42C311A17001B1BBC /* Onboarding */ = {
			isa = PBXGroup;
			children = (
				102907E52C311A5B001B1BBC /* OnboardingViewController.swift */,
				107B69122C32601B00CC7590 /* OnboardingCollectionViewCell.swift */,
			);
			path = Onboarding;
			sourceTree = "<group>";
		};
		102907E72C312093001B1BBC /* Extensions */ = {
			isa = PBXGroup;
			children = (
				102907E82C3120C5001B1BBC /* UIView+Extension.swift */,
				10B3EA382C3B6C5500A10438 /* String+Extension.swift */,
				1002DA862C44C6990075AC5C /* UIViewController+Extension.swift */,
			);
			path = Extensions;
			sourceTree = "<group>";
		};
		104C25A22C46BE9E007EBF15 /* Networking */ = {
			isa = PBXGroup;
			children = (
				104C25A32C46BEBA007EBF15 /* NetworkService.swift */,
				104C25A52C46BF91007EBF15 /* Route.swift */,
				104C25A72C46C024007EBF15 /* Method.swift */,
				106F710E2C4A25E000CA256C /* AppError.swift */,
				106F71102C4AAEBA00CA256C /* ApiResponse.swift */,
			);
			path = Networking;
			sourceTree = "<group>";
		};
		10A8B7882C38FF9C004DEE84 /* Home */ = {
			isa = PBXGroup;
			children = (
				10A8B7892C38FFC0004DEE84 /* HomeViewController.swift */,
			);
			path = Home;
			sourceTree = "<group>";
		};
		10AD74342C3D80600051047D /* CardView */ = {
			isa = PBXGroup;
			children = (
				10AD74352C3D80830051047D /* CardView.swift */,
			);
			path = CardView;
			sourceTree = "<group>";
		};
		10AD74372C3D850F0051047D /* DishPortraitCollectionViewCell */ = {
			isa = PBXGroup;
			children = (
				10AD74382C3D85460051047D /* DishPortraitCollectionViewCell.swift */,
				10AD74392C3D85460051047D /* DishPortraitCollectionViewCell.xib */,
			);
			path = DishPortraitCollectionViewCell;
			sourceTree = "<group>";
		};
		10B3EA2D2C3B5DAD00A10438 /* CollectionViewCells */ = {
			isa = PBXGroup;
			children = (
				10FA58F52C4025280057DF0E /* DishLandscapeCollectionViewCell */,
				10AD74372C3D850F0051047D /* DishPortraitCollectionViewCell */,
				10B3EA2E2C3B5E5000A10438 /* CategoryCollectionViewCell */,
			);
			path = CollectionViewCells;
			sourceTree = "<group>";
		};
		10B3EA2E2C3B5E5000A10438 /* CategoryCollectionViewCell */ = {
			isa = PBXGroup;
			children = (
				10B3EA2F2C3B5ED800A10438 /* CategoryCollectionViewCell.swift */,
				10B3EA302C3B5ED800A10438 /* CategoryCollectionViewCell.xib */,
			);
			path = CategoryCollectionViewCell;
			sourceTree = "<group>";
		};
		10BAED322C46279A007503C6 /* ListOrders */ = {
			isa = PBXGroup;
			children = (
				10BAED332C462826007503C6 /* ListOrdersViewController.swift */,
			);
			path = ListOrders;
			sourceTree = "<group>";
		};
		10EAF5D22C4563DB002722CC /* TableViewCells */ = {
			isa = PBXGroup;
			children = (
				10EAF5D32C4563F6002722CC /* DishListTableViewCell */,
			);
			path = TableViewCells;
			sourceTree = "<group>";
		};
		10EAF5D32C4563F6002722CC /* DishListTableViewCell */ = {
			isa = PBXGroup;
			children = (
				10EAF5D42C45642C002722CC /* DishListTableViewCell.swift */,
				10EAF5D52C45642C002722CC /* DishListTableViewCell.xib */,
			);
			path = DishListTableViewCell;
			sourceTree = "<group>";
		};
		10EAF5D82C45687E002722CC /* ListDishes */ = {
			isa = PBXGroup;
			children = (
				10EAF5D92C4568C7002722CC /* ListDishesViewController.swift */,
			);
			path = ListDishes;
			sourceTree = "<group>";
		};
		10FA58F52C4025280057DF0E /* DishLandscapeCollectionViewCell */ = {
			isa = PBXGroup;
			children = (
				10FA58F62C4025610057DF0E /* DishLandscapeCollectionViewCell.swift */,
				10FA58F72C4025610057DF0E /* DishLandscapeCollectionViewCell.xib */,
			);
			path = DishLandscapeCollectionViewCell;
			sourceTree = "<group>";
		};
/* End PBXGroup section */

/* Begin PBXNativeTarget section */
		1022FECB2C2D1BCC00B37D0D /* Yummie */ = {
			isa = PBXNativeTarget;
			buildConfigurationList = 1022FEE02C2D1BCE00B37D0D /* Build configuration list for PBXNativeTarget "Yummie" */;
			buildPhases = (
				1022FEC82C2D1BCC00B37D0D /* Sources */,
				1022FEC92C2D1BCC00B37D0D /* Frameworks */,
				1022FECA2C2D1BCC00B37D0D /* Resources */,
			);
			buildRules = (
			);
			dependencies = (
			);
			name = Yummie;
			packageProductDependencies = (
				10B3EA362C3B6B9F00A10438 /* Kingfisher */,
				1045E1E12C4FEB8B00B05C96 /* ProgressHUD */,
				1067057B2C50BDB5009E95C2 /* SVProgressHUD */,
				10898FD92C51466400675960 /* JGProgressHUD */,
				10AC911E2C5299E100994502 /* IQKeyboardManagerSwift */,
			);
			productName = Yummie;
			productReference = 1022FECC2C2D1BCC00B37D0D /* Yummie.app */;
			productType = "com.apple.product-type.application";
		};
/* End PBXNativeTarget section */

/* Begin PBXProject section */
		1022FEC42C2D1BCC00B37D0D /* Project object */ = {
			isa = PBXProject;
			attributes = {
				BuildIndependentTargetsInParallel = 1;
				LastSwiftUpdateCheck = 1540;
				LastUpgradeCheck = 1540;
				TargetAttributes = {
					1022FECB2C2D1BCC00B37D0D = {
						CreatedOnToolsVersion = 15.4;
					};
				};
			};
			buildConfigurationList = 1022FEC72C2D1BCC00B37D0D /* Build configuration list for PBXProject "Yummie" */;
			compatibilityVersion = "Xcode 14.0";
			developmentRegion = en;
			hasScannedForEncodings = 0;
			knownRegions = (
				en,
				Base,
			);
			mainGroup = 1022FEC32C2D1BCC00B37D0D;
			packageReferences = (
				10B3EA352C3B6B9F00A10438 /* XCRemoteSwiftPackageReference "Kingfisher" */,
				1045E1E02C4FEB8B00B05C96 /* XCRemoteSwiftPackageReference "ProgressHUD" */,
				1067057A2C50BDB5009E95C2 /* XCRemoteSwiftPackageReference "SVProgressHUD" */,
				10898FD82C51466400675960 /* XCRemoteSwiftPackageReference "JGProgressHUD" */,
				10AC911D2C5299E100994502 /* XCRemoteSwiftPackageReference "IQKeyboardManager" */,
			);
			productRefGroup = 1022FECD2C2D1BCC00B37D0D /* Products */;
			projectDirPath = "";
			projectRoot = "";
			targets = (
				1022FECB2C2D1BCC00B37D0D /* Yummie */,
			);
		};
/* End PBXProject section */

/* Begin PBXResourcesBuildPhase section */
		1022FECA2C2D1BCC00B37D0D /* Resources */ = {
			isa = PBXResourcesBuildPhase;
			buildActionMask = 2147483647;
			files = (
				10B3EA322C3B5ED800A10438 /* CategoryCollectionViewCell.xib in Resources */,
				10EAF5D72C45642C002722CC /* DishListTableViewCell.xib in Resources */,
				1022FED92C2D1BCE00B37D0D /* Assets.xcassets in Resources */,
				10AD743A2C3D85460051047D /* DishPortraitCollectionViewCell.xib in Resources */,
				1022FEDC2C2D1BCE00B37D0D /* Base in Resources */,
				10FA58F92C4025610057DF0E /* DishLandscapeCollectionViewCell.xib in Resources */,
				1022FED72C2D1BCC00B37D0D /* Base in Resources */,
			);
			runOnlyForDeploymentPostprocessing = 0;
		};
/* End PBXResourcesBuildPhase section */

/* Begin PBXSourcesBuildPhase section */
		1022FEC82C2D1BCC00B37D0D /* Sources */ = {
			isa = PBXSourcesBuildPhase;
			buildActionMask = 2147483647;
			files = (
				10EAF5D62C45642C002722CC /* DishListTableViewCell.swift in Sources */,
				10BAED342C462826007503C6 /* ListOrdersViewController.swift in Sources */,
				10BAED362C462A09007503C6 /* Order.swift in Sources */,
				1002DA872C44C6990075AC5C /* UIViewController+Extension.swift in Sources */,
				10B3EA312C3B5ED800A10438 /* CategoryCollectionViewCell.swift in Sources */,
				102907EB2C312229001B1BBC /* OnboardingSlide.swift in Sources */,
				1022FED02C2D1BCC00B37D0D /* AppDelegate.swift in Sources */,
				10E21A822C4F5B4300108D3E /* AllDishes.swift in Sources */,
				1022FED22C2D1BCC00B37D0D /* SceneDelegate.swift in Sources */,
				104C25A82C46C024007EBF15 /* Method.swift in Sources */,
				102907E92C3120C5001B1BBC /* UIView+Extension.swift in Sources */,
				102907E62C311A5B001B1BBC /* OnboardingViewController.swift in Sources */,
				1002DA852C44BB930075AC5C /* DishDetailViewController.swift in Sources */,
				10A8B78A2C38FFC0004DEE84 /* HomeViewController.swift in Sources */,
				106F71112C4AAEBA00CA256C /* ApiResponse.swift in Sources */,
				10B3EA342C3B614000A10438 /* DishCategory.swift in Sources */,
				104C25A62C46BF91007EBF15 /* Route.swift in Sources */,
				104C25A42C46BEBA007EBF15 /* NetworkService.swift in Sources */,
				10FA58F82C4025610057DF0E /* DishLandscapeCollectionViewCell.swift in Sources */,
				10B3EA392C3B6C5500A10438 /* String+Extension.swift in Sources */,
				10AD74362C3D80830051047D /* CardView.swift in Sources */,
				10EAF5DA2C4568C7002722CC /* ListDishesViewController.swift in Sources */,
				106F710F2C4A25E000CA256C /* AppError.swift in Sources */,
				107B69132C32601B00CC7590 /* OnboardingCollectionViewCell.swift in Sources */,
				109EAE1C2C3ED2AE00D9838C /* Dish.swift in Sources */,
				10AD743B2C3D85460051047D /* DishPortraitCollectionViewCell.swift in Sources */,
			);
			runOnlyForDeploymentPostprocessing = 0;
		};
/* End PBXSourcesBuildPhase section */

/* Begin PBXVariantGroup section */
		1022FED52C2D1BCC00B37D0D /* Main.storyboard */ = {
			isa = PBXVariantGroup;
			children = (
				1022FED62C2D1BCC00B37D0D /* Base */,
			);
			name = Main.storyboard;
			sourceTree = "<group>";
		};
		1022FEDA2C2D1BCE00B37D0D /* LaunchScreen.storyboard */ = {
			isa = PBXVariantGroup;
			children = (
				1022FEDB2C2D1BCE00B37D0D /* Base */,
			);
			name = LaunchScreen.storyboard;
			sourceTree = "<group>";
		};
/* End PBXVariantGroup section */

/* Begin XCBuildConfiguration section */
		1022FEDE2C2D1BCE00B37D0D /* Debug */ = {
			isa = XCBuildConfiguration;
			buildSettings = {
				ALWAYS_SEARCH_USER_PATHS = NO;
				ASSETCATALOG_COMPILER_GENERATE_SWIFT_ASSET_SYMBOL_EXTENSIONS = YES;
				CLANG_ANALYZER_NONNULL = YES;
				CLANG_ANALYZER_NUMBER_OBJECT_CONVERSION = YES_AGGRESSIVE;
				CLANG_CXX_LANGUAGE_STANDARD = "gnu++20";
				CLANG_ENABLE_MODULES = YES;
				CLANG_ENABLE_OBJC_ARC = YES;
				CLANG_ENABLE_OBJC_WEAK = YES;
				CLANG_WARN_BLOCK_CAPTURE_AUTORELEASING = YES;
				CLANG_WARN_BOOL_CONVERSION = YES;
				CLANG_WARN_COMMA = YES;
				CLANG_WARN_CONSTANT_CONVERSION = YES;
				CLANG_WARN_DEPRECATED_OBJC_IMPLEMENTATIONS = YES;
				CLANG_WARN_DIRECT_OBJC_ISA_USAGE = YES_ERROR;
				CLANG_WARN_DOCUMENTATION_COMMENTS = YES;
				CLANG_WARN_EMPTY_BODY = YES;
				CLANG_WARN_ENUM_CONVERSION = YES;
				CLANG_WARN_INFINITE_RECURSION = YES;
				CLANG_WARN_INT_CONVERSION = YES;
				CLANG_WARN_NON_LITERAL_NULL_CONVERSION = YES;
				CLANG_WARN_OBJC_IMPLICIT_RETAIN_SELF = YES;
				CLANG_WARN_OBJC_LITERAL_CONVERSION = YES;
				CLANG_WARN_OBJC_ROOT_CLASS = YES_ERROR;
				CLANG_WARN_QUOTED_INCLUDE_IN_FRAMEWORK_HEADER = YES;
				CLANG_WARN_RANGE_LOOP_ANALYSIS = YES;
				CLANG_WARN_STRICT_PROTOTYPES = YES;
				CLANG_WARN_SUSPICIOUS_MOVE = YES;
				CLANG_WARN_UNGUARDED_AVAILABILITY = YES_AGGRESSIVE;
				CLANG_WARN_UNREACHABLE_CODE = YES;
				CLANG_WARN__DUPLICATE_METHOD_MATCH = YES;
				COPY_PHASE_STRIP = NO;
				DEBUG_INFORMATION_FORMAT = dwarf;
				ENABLE_STRICT_OBJC_MSGSEND = YES;
				ENABLE_TESTABILITY = YES;
				ENABLE_USER_SCRIPT_SANDBOXING = YES;
				GCC_C_LANGUAGE_STANDARD = gnu17;
				GCC_DYNAMIC_NO_PIC = NO;
				GCC_NO_COMMON_BLOCKS = YES;
				GCC_OPTIMIZATION_LEVEL = 0;
				GCC_PREPROCESSOR_DEFINITIONS = (
					"DEBUG=1",
					"$(inherited)",
				);
				GCC_WARN_64_TO_32_BIT_CONVERSION = YES;
				GCC_WARN_ABOUT_RETURN_TYPE = YES_ERROR;
				GCC_WARN_UNDECLARED_SELECTOR = YES;
				GCC_WARN_UNINITIALIZED_AUTOS = YES_AGGRESSIVE;
				GCC_WARN_UNUSED_FUNCTION = YES;
				GCC_WARN_UNUSED_VARIABLE = YES;
				IPHONEOS_DEPLOYMENT_TARGET = 17.0;
				LOCALIZATION_PREFERS_STRING_CATALOGS = YES;
				MTL_ENABLE_DEBUG_INFO = INCLUDE_SOURCE;
				MTL_FAST_MATH = YES;
				ONLY_ACTIVE_ARCH = YES;
				SDKROOT = iphoneos;
				SWIFT_ACTIVE_COMPILATION_CONDITIONS = "DEBUG $(inherited)";
				SWIFT_OPTIMIZATION_LEVEL = "-Onone";
			};
			name = Debug;
		};
		1022FEDF2C2D1BCE00B37D0D /* Release */ = {
			isa = XCBuildConfiguration;
			buildSettings = {
				ALWAYS_SEARCH_USER_PATHS = NO;
				ASSETCATALOG_COMPILER_GENERATE_SWIFT_ASSET_SYMBOL_EXTENSIONS = YES;
				CLANG_ANALYZER_NONNULL = YES;
				CLANG_ANALYZER_NUMBER_OBJECT_CONVERSION = YES_AGGRESSIVE;
				CLANG_CXX_LANGUAGE_STANDARD = "gnu++20";
				CLANG_ENABLE_MODULES = YES;
				CLANG_ENABLE_OBJC_ARC = YES;
				CLANG_ENABLE_OBJC_WEAK = YES;
				CLANG_WARN_BLOCK_CAPTURE_AUTORELEASING = YES;
				CLANG_WARN_BOOL_CONVERSION = YES;
				CLANG_WARN_COMMA = YES;
				CLANG_WARN_CONSTANT_CONVERSION = YES;
				CLANG_WARN_DEPRECATED_OBJC_IMPLEMENTATIONS = YES;
				CLANG_WARN_DIRECT_OBJC_ISA_USAGE = YES_ERROR;
				CLANG_WARN_DOCUMENTATION_COMMENTS = YES;
				CLANG_WARN_EMPTY_BODY = YES;
				CLANG_WARN_ENUM_CONVERSION = YES;
				CLANG_WARN_INFINITE_RECURSION = YES;
				CLANG_WARN_INT_CONVERSION = YES;
				CLANG_WARN_NON_LITERAL_NULL_CONVERSION = YES;
				CLANG_WARN_OBJC_IMPLICIT_RETAIN_SELF = YES;
				CLANG_WARN_OBJC_LITERAL_CONVERSION = YES;
				CLANG_WARN_OBJC_ROOT_CLASS = YES_ERROR;
				CLANG_WARN_QUOTED_INCLUDE_IN_FRAMEWORK_HEADER = YES;
				CLANG_WARN_RANGE_LOOP_ANALYSIS = YES;
				CLANG_WARN_STRICT_PROTOTYPES = YES;
				CLANG_WARN_SUSPICIOUS_MOVE = YES;
				CLANG_WARN_UNGUARDED_AVAILABILITY = YES_AGGRESSIVE;
				CLANG_WARN_UNREACHABLE_CODE = YES;
				CLANG_WARN__DUPLICATE_METHOD_MATCH = YES;
				COPY_PHASE_STRIP = NO;
				DEBUG_INFORMATION_FORMAT = "dwarf-with-dsym";
				ENABLE_NS_ASSERTIONS = NO;
				ENABLE_STRICT_OBJC_MSGSEND = YES;
				ENABLE_USER_SCRIPT_SANDBOXING = YES;
				GCC_C_LANGUAGE_STANDARD = gnu17;
				GCC_NO_COMMON_BLOCKS = YES;
				GCC_WARN_64_TO_32_BIT_CONVERSION = YES;
				GCC_WARN_ABOUT_RETURN_TYPE = YES_ERROR;
				GCC_WARN_UNDECLARED_SELECTOR = YES;
				GCC_WARN_UNINITIALIZED_AUTOS = YES_AGGRESSIVE;
				GCC_WARN_UNUSED_FUNCTION = YES;
				GCC_WARN_UNUSED_VARIABLE = YES;
				IPHONEOS_DEPLOYMENT_TARGET = 17.0;
				LOCALIZATION_PREFERS_STRING_CATALOGS = YES;
				MTL_ENABLE_DEBUG_INFO = NO;
				MTL_FAST_MATH = YES;
				SDKROOT = iphoneos;
				SWIFT_COMPILATION_MODE = wholemodule;
				VALIDATE_PRODUCT = YES;
			};
			name = Release;
		};
		1022FEE12C2D1BCE00B37D0D /* Debug */ = {
			isa = XCBuildConfiguration;
			buildSettings = {
				ASSETCATALOG_COMPILER_APPICON_NAME = AppIcon;
				ASSETCATALOG_COMPILER_GLOBAL_ACCENT_COLOR_NAME = AccentColor;
				CODE_SIGN_STYLE = Automatic;
				CURRENT_PROJECT_VERSION = 1;
				DEVELOPMENT_TEAM = 6GXB9PN577;
				GENERATE_INFOPLIST_FILE = YES;
				INFOPLIST_FILE = Yummie/Info.plist;
				INFOPLIST_KEY_UIApplicationSupportsIndirectInputEvents = YES;
				INFOPLIST_KEY_UILaunchStoryboardName = LaunchScreen;
				INFOPLIST_KEY_UIMainStoryboardFile = Main;
				INFOPLIST_KEY_UISupportedInterfaceOrientations_iPad = "UIInterfaceOrientationPortrait UIInterfaceOrientationPortraitUpsideDown UIInterfaceOrientationLandscapeLeft UIInterfaceOrientationLandscapeRight";
				INFOPLIST_KEY_UISupportedInterfaceOrientations_iPhone = "UIInterfaceOrientationPortrait UIInterfaceOrientationLandscapeLeft UIInterfaceOrientationLandscapeRight";
				LD_RUNPATH_SEARCH_PATHS = (
					"$(inherited)",
					"@executable_path/Frameworks",
				);
				MARKETING_VERSION = 1.0;
				PRODUCT_BUNDLE_IDENTIFIER = com.eliseo.Yummie;
				PRODUCT_NAME = "$(TARGET_NAME)";
				SWIFT_EMIT_LOC_STRINGS = YES;
				SWIFT_VERSION = 5.0;
				TARGETED_DEVICE_FAMILY = "1,2";
			};
			name = Debug;
		};
		1022FEE22C2D1BCE00B37D0D /* Release */ = {
			isa = XCBuildConfiguration;
			buildSettings = {
				ASSETCATALOG_COMPILER_APPICON_NAME = AppIcon;
				ASSETCATALOG_COMPILER_GLOBAL_ACCENT_COLOR_NAME = AccentColor;
				CODE_SIGN_STYLE = Automatic;
				CURRENT_PROJECT_VERSION = 1;
				DEVELOPMENT_TEAM = 6GXB9PN577;
				GENERATE_INFOPLIST_FILE = YES;
				INFOPLIST_FILE = Yummie/Info.plist;
				INFOPLIST_KEY_UIApplicationSupportsIndirectInputEvents = YES;
				INFOPLIST_KEY_UILaunchStoryboardName = LaunchScreen;
				INFOPLIST_KEY_UIMainStoryboardFile = Main;
				INFOPLIST_KEY_UISupportedInterfaceOrientations_iPad = "UIInterfaceOrientationPortrait UIInterfaceOrientationPortraitUpsideDown UIInterfaceOrientationLandscapeLeft UIInterfaceOrientationLandscapeRight";
				INFOPLIST_KEY_UISupportedInterfaceOrientations_iPhone = "UIInterfaceOrientationPortrait UIInterfaceOrientationLandscapeLeft UIInterfaceOrientationLandscapeRight";
				LD_RUNPATH_SEARCH_PATHS = (
					"$(inherited)",
					"@executable_path/Frameworks",
				);
				MARKETING_VERSION = 1.0;
				PRODUCT_BUNDLE_IDENTIFIER = com.eliseo.Yummie;
				PRODUCT_NAME = "$(TARGET_NAME)";
				SWIFT_EMIT_LOC_STRINGS = YES;
				SWIFT_VERSION = 5.0;
				TARGETED_DEVICE_FAMILY = "1,2";
			};
			name = Release;
		};
/* End XCBuildConfiguration section */

/* Begin XCConfigurationList section */
		1022FEC72C2D1BCC00B37D0D /* Build configuration list for PBXProject "Yummie" */ = {
			isa = XCConfigurationList;
			buildConfigurations = (
				1022FEDE2C2D1BCE00B37D0D /* Debug */,
				1022FEDF2C2D1BCE00B37D0D /* Release */,
			);
			defaultConfigurationIsVisible = 0;
			defaultConfigurationName = Release;
		};
		1022FEE02C2D1BCE00B37D0D /* Build configuration list for PBXNativeTarget "Yummie" */ = {
			isa = XCConfigurationList;
			buildConfigurations = (
				1022FEE12C2D1BCE00B37D0D /* Debug */,
				1022FEE22C2D1BCE00B37D0D /* Release */,
			);
			defaultConfigurationIsVisible = 0;
			defaultConfigurationName = Release;
		};
/* End XCConfigurationList section */

/* Begin XCRemoteSwiftPackageReference section */
		1045E1E02C4FEB8B00B05C96 /* XCRemoteSwiftPackageReference "ProgressHUD" */ = {
			isa = XCRemoteSwiftPackageReference;
			repositoryURL = "https://github.com/relatedcode/ProgressHUD";
			requirement = {
				kind = upToNextMajorVersion;
				minimumVersion = 14.1.3;
			};
		};
		1067057A2C50BDB5009E95C2 /* XCRemoteSwiftPackageReference "SVProgressHUD" */ = {
			isa = XCRemoteSwiftPackageReference;
			repositoryURL = "https://github.com/SVProgressHUD/SVProgressHUD";
			requirement = {
				kind = upToNextMajorVersion;
				minimumVersion = 2.3.1;
			};
		};
		10898FD82C51466400675960 /* XCRemoteSwiftPackageReference "JGProgressHUD" */ = {
			isa = XCRemoteSwiftPackageReference;
			repositoryURL = "https://github.com/JonasGessner/JGProgressHUD";
			requirement = {
				kind = upToNextMajorVersion;
				minimumVersion = 2.2.0;
			};
		};
		10AC911D2C5299E100994502 /* XCRemoteSwiftPackageReference "IQKeyboardManager" */ = {
			isa = XCRemoteSwiftPackageReference;
			repositoryURL = "https://github.com/hackiftekhar/IQKeyboardManager";
			requirement = {
				kind = upToNextMajorVersion;
				minimumVersion = 7.1.1;
			};
		};
		10B3EA352C3B6B9F00A10438 /* XCRemoteSwiftPackageReference "Kingfisher" */ = {
			isa = XCRemoteSwiftPackageReference;
			repositoryURL = "https://github.com/onevcat/Kingfisher.git";
			requirement = {
				kind = upToNextMajorVersion;
				minimumVersion = 7.12.0;
			};
		};
/* End XCRemoteSwiftPackageReference section */

/* Begin XCSwiftPackageProductDependency section */
		1045E1E12C4FEB8B00B05C96 /* ProgressHUD */ = {
			isa = XCSwiftPackageProductDependency;
			package = 1045E1E02C4FEB8B00B05C96 /* XCRemoteSwiftPackageReference "ProgressHUD" */;
			productName = ProgressHUD;
		};
		1067057B2C50BDB5009E95C2 /* SVProgressHUD */ = {
			isa = XCSwiftPackageProductDependency;
			package = 1067057A2C50BDB5009E95C2 /* XCRemoteSwiftPackageReference "SVProgressHUD" */;
			productName = SVProgressHUD;
		};
		10898FD92C51466400675960 /* JGProgressHUD */ = {
			isa = XCSwiftPackageProductDependency;
			package = 10898FD82C51466400675960 /* XCRemoteSwiftPackageReference "JGProgressHUD" */;
			productName = JGProgressHUD;
		};
		10AC911E2C5299E100994502 /* IQKeyboardManagerSwift */ = {
			isa = XCSwiftPackageProductDependency;
			package = 10AC911D2C5299E100994502 /* XCRemoteSwiftPackageReference "IQKeyboardManager" */;
			productName = IQKeyboardManagerSwift;
		};
		10B3EA362C3B6B9F00A10438 /* Kingfisher */ = {
			isa = XCSwiftPackageProductDependency;
			package = 10B3EA352C3B6B9F00A10438 /* XCRemoteSwiftPackageReference "Kingfisher" */;
			productName = Kingfisher;
		};
/* End XCSwiftPackageProductDependency section */
	};
	rootObject = 1022FEC42C2D1BCC00B37D0D /* Project object */;
}
